
Microsoft Visual Studio Solution File, Format Version 12.00
# Visual Studio 15
VisualStudioVersion = 15.0.28010.2046
MinimumVisualStudioVersion = 10.0.40219.1
Project("{8BC9CEB8-8B4A-11D0-8D11-00A0C91BC942}") = "3-1-Queues", "3-1-Queues\3-1-Queues.vcxproj", "{30553CA3-31AD-47FA-BEFD-90EE2FC2A68F}"
EndProject
Global
	GlobalSection(SolutionConfigurationPlatforms) = preSolution
		Debug|x64 = Debug|x64
		Debug|x86 = Debug|x86
		Release|x64 = Release|x64
		Release|x86 = Release|x86
	EndGlobalSection
	GlobalSection(ProjectConfigurationPlatforms) = postSolution
		{30553CA3-31AD-47FA-BEFD-90EE2FC2A68F}.Debug|x64.ActiveCfg = Debug|x64
		{30553CA3-31AD-47FA-BEFD-90EE2FC2A68F}.Debug|x64.Build.0 = Debug|x64
		{30553CA3-31AD-47FA-BEFD-90EE2FC2A68F}.Debug|x86.ActiveCfg = Debug|Win32
		{30553CA3-31AD-47FA-BEFD-90EE2FC2A68F}.Debug|x86.Build.0 = Debug|Win32
		{30553CA3-31AD-47FA-BEFD-90EE2FC2A68F}.Release|x64.ActiveCfg = Release|x64
		{30553CA3-31AD-47FA-BEFD-90EE2FC2A68F}.Release|x64.Build.0 = Release|x64
		{30553CA3-31AD-47FA-BEFD-90EE2FC2A68F}.Release|x86.ActiveCfg = Release|Win32
		{30553CA3-31AD-47FA-BEFD-90EE2FC2A68F}.Release|x86.Build.0 = Release|Win32
	EndGlobalSection
	GlobalSection(SolutionProperties) = preSolution
		HideSolutionNode = FALSE
	EndGlobalSection
	GlobalSection(ExtensibilityGlobals) = postSolution
		SolutionGuid = {4CA7240C-CFC9-477F-80C2-70D4D99B3EE6}
	EndGlobalSection
EndGlobal
